// !$*UTF8*$!
{
	archiveVersion = 1;
	classes = {
	};
	objectVersion = 46;
	objects = {

/* Begin PBXBuildFile section */
		15E228C8B0FF86EB2FECC2E9 /* libPods-rottenTomatoes.a in Frameworks */ = {isa = PBXBuildFile; fileRef = EB39976D60041804AD9DAA0A /* libPods-rottenTomatoes.a */; };
		400365B71BD73EAA0049A7E2 /* AppDelegate.swift in Sources */ = {isa = PBXBuildFile; fileRef = 400365B61BD73EAA0049A7E2 /* AppDelegate.swift */; };
		400365B91BD73EAA0049A7E2 /* ViewController.swift in Sources */ = {isa = PBXBuildFile; fileRef = 400365B81BD73EAA0049A7E2 /* ViewController.swift */; };
		400365BC1BD73EAA0049A7E2 /* Main.storyboard in Resources */ = {isa = PBXBuildFile; fileRef = 400365BA1BD73EAA0049A7E2 /* Main.storyboard */; };
		400365BE1BD73EAA0049A7E2 /* Assets.xcassets in Resources */ = {isa = PBXBuildFile; fileRef = 400365BD1BD73EAA0049A7E2 /* Assets.xcassets */; };
		400365C11BD73EAB0049A7E2 /* LaunchScreen.storyboard in Resources */ = {isa = PBXBuildFile; fileRef = 400365BF1BD73EAB0049A7E2 /* LaunchScreen.storyboard */; };
		400365CC1BD73EAC0049A7E2 /* rottenTomatoesTests.swift in Sources */ = {isa = PBXBuildFile; fileRef = 400365CB1BD73EAC0049A7E2 /* rottenTomatoesTests.swift */; };
		400365D71BD73EAE0049A7E2 /* rottenTomatoesUITests.swift in Sources */ = {isa = PBXBuildFile; fileRef = 400365D61BD73EAE0049A7E2 /* rottenTomatoesUITests.swift */; };
		400365E51BD73FAE0049A7E2 /* MovieCell.swift in Sources */ = {isa = PBXBuildFile; fileRef = 400365E41BD73FAE0049A7E2 /* MovieCell.swift */; settings = {ASSET_TAGS = (); }; };
		4085E9511BD8BCF400512134 /* MoviesViewController.swift in Sources */ = {isa = PBXBuildFile; fileRef = 4085E9501BD8BCF400512134 /* MoviesViewController.swift */; settings = {ASSET_TAGS = (); }; };
/* End PBXBuildFile section */

/* Begin PBXContainerItemProxy section */
		400365C81BD73EAC0049A7E2 /* PBXContainerItemProxy */ = {
			isa = PBXContainerItemProxy;
			containerPortal = 400365AB1BD73EA80049A7E2 /* Project object */;
			proxyType = 1;
			remoteGlobalIDString = 400365B21BD73EA90049A7E2;
			remoteInfo = rottenTomatoes;
		};
		400365D31BD73EAD0049A7E2 /* PBXContainerItemProxy */ = {
			isa = PBXContainerItemProxy;
			containerPortal = 400365AB1BD73EA80049A7E2 /* Project object */;
			proxyType = 1;
			remoteGlobalIDString = 400365B21BD73EA90049A7E2;
			remoteInfo = rottenTomatoes;
		};
/* End PBXContainerItemProxy section */

/* Begin PBXFileReference section */
		2E552CD754D8A924616A17CE /* Pods-rottenTomatoes.debug.xcconfig */ = {isa = PBXFileReference; includeInIndex = 1; lastKnownFileType = text.xcconfig; name = "Pods-rottenTomatoes.debug.xcconfig"; path = "Pods/Target Support Files/Pods-rottenTomatoes/Pods-rottenTomatoes.debug.xcconfig"; sourceTree = "<group>"; };
		400365B31BD73EA90049A7E2 /* rottenTomatoes.app */ = {isa = PBXFileReference; explicitFileType = wrapper.application; includeInIndex = 0; path = rottenTomatoes.app; sourceTree = BUILT_PRODUCTS_DIR; };
		400365B61BD73EAA0049A7E2 /* AppDelegate.swift */ = {isa = PBXFileReference; lastKnownFileType = sourcecode.swift; path = AppDelegate.swift; sourceTree = "<group>"; };
		400365B81BD73EAA0049A7E2 /* ViewController.swift */ = {isa = PBXFileReference; lastKnownFileType = sourcecode.swift; path = ViewController.swift; sourceTree = "<group>"; };
		400365BB1BD73EAA0049A7E2 /* Base */ = {isa = PBXFileReference; lastKnownFileType = file.storyboard; name = Base; path = Base.lproj/Main.storyboard; sourceTree = "<group>"; };
		400365BD1BD73EAA0049A7E2 /* Assets.xcassets */ = {isa = PBXFileReference; lastKnownFileType = folder.assetcatalog; path = Assets.xcassets; sourceTree = "<group>"; };
		400365C01BD73EAB0049A7E2 /* Base */ = {isa = PBXFileReference; lastKnownFileType = file.storyboard; name = Base; path = Base.lproj/LaunchScreen.storyboard; sourceTree = "<group>"; };
		400365C21BD73EAB0049A7E2 /* Info.plist */ = {isa = PBXFileReference; lastKnownFileType = text.plist.xml; path = Info.plist; sourceTree = "<group>"; };
		400365C71BD73EAC0049A7E2 /* rottenTomatoesTests.xctest */ = {isa = PBXFileReference; explicitFileType = wrapper.cfbundle; includeInIndex = 0; path = rottenTomatoesTests.xctest; sourceTree = BUILT_PRODUCTS_DIR; };
		400365CB1BD73EAC0049A7E2 /* rottenTomatoesTests.swift */ = {isa = PBXFileReference; lastKnownFileType = sourcecode.swift; path = rottenTomatoesTests.swift; sourceTree = "<group>"; };
		400365CD1BD73EAD0049A7E2 /* Info.plist */ = {isa = PBXFileReference; lastKnownFileType = text.plist.xml; path = Info.plist; sourceTree = "<group>"; };
		400365D21BD73EAD0049A7E2 /* rottenTomatoesUITests.xctest */ = {isa = PBXFileReference; explicitFileType = wrapper.cfbundle; includeInIndex = 0; path = rottenTomatoesUITests.xctest; sourceTree = BUILT_PRODUCTS_DIR; };
		400365D61BD73EAE0049A7E2 /* rottenTomatoesUITests.swift */ = {isa = PBXFileReference; lastKnownFileType = sourcecode.swift; path = rottenTomatoesUITests.swift; sourceTree = "<group>"; };
		400365D81BD73EAE0049A7E2 /* Info.plist */ = {isa = PBXFileReference; lastKnownFileType = text.plist.xml; path = Info.plist; sourceTree = "<group>"; };
		400365E41BD73FAE0049A7E2 /* MovieCell.swift */ = {isa = PBXFileReference; fileEncoding = 4; lastKnownFileType = sourcecode.swift; path = MovieCell.swift; sourceTree = "<group>"; };
		4085E9501BD8BCF400512134 /* MoviesViewController.swift */ = {isa = PBXFileReference; fileEncoding = 4; lastKnownFileType = sourcecode.swift; path = MoviesViewController.swift; sourceTree = "<group>"; };
		4085E9521BD8D04400512134 /* rottenTomatoes-Bridging-Header.h */ = {isa = PBXFileReference; lastKnownFileType = sourcecode.c.h; path = "rottenTomatoes-Bridging-Header.h"; sourceTree = "<group>"; };
		EB39976D60041804AD9DAA0A /* libPods-rottenTomatoes.a */ = {isa = PBXFileReference; explicitFileType = archive.ar; includeInIndex = 0; path = "libPods-rottenTomatoes.a"; sourceTree = BUILT_PRODUCTS_DIR; };
		F64DDFEFA08F4B6ED132858E /* Pods-rottenTomatoes.release.xcconfig */ = {isa = PBXFileReference; includeInIndex = 1; lastKnownFileType = text.xcconfig; name = "Pods-rottenTomatoes.release.xcconfig"; path = "Pods/Target Support Files/Pods-rottenTomatoes/Pods-rottenTomatoes.release.xcconfig"; sourceTree = "<group>"; };
/* End PBXFileReference section */

/* Begin PBXFrameworksBuildPhase section */
		400365B01BD73EA90049A7E2 /* Frameworks */ = {
			isa = PBXFrameworksBuildPhase;
			buildActionMask = 2147483647;
			files = (
				15E228C8B0FF86EB2FECC2E9 /* libPods-rottenTomatoes.a in Frameworks */,
			);
			runOnlyForDeploymentPostprocessing = 0;
		};
		400365C41BD73EAC0049A7E2 /* Frameworks */ = {
			isa = PBXFrameworksBuildPhase;
			buildActionMask = 2147483647;
			files = (
			);
			runOnlyForDeploymentPostprocessing = 0;
		};
		400365CF1BD73EAD0049A7E2 /* Frameworks */ = {
			isa = PBXFrameworksBuildPhase;
			buildActionMask = 2147483647;
			files = (
			);
			runOnlyForDeploymentPostprocessing = 0;
		};
/* End PBXFrameworksBuildPhase section */

/* Begin PBXGroup section */
		37A52987FE68149D7AC0ED26 /* Pods */ = {
			isa = PBXGroup;
			children = (
				2E552CD754D8A924616A17CE /* Pods-rottenTomatoes.debug.xcconfig */,
				F64DDFEFA08F4B6ED132858E /* Pods-rottenTomatoes.release.xcconfig */,
			);
			name = Pods;
			sourceTree = "<group>";
		};
		3CF60A30E06FBB1490C5D485 /* Frameworks */ = {
			isa = PBXGroup;
			children = (
				EB39976D60041804AD9DAA0A /* libPods-rottenTomatoes.a */,
			);
			name = Frameworks;
			sourceTree = "<group>";
		};
		400365AA1BD73EA80049A7E2 = {
			isa = PBXGroup;
			children = (
				400365B51BD73EAA0049A7E2 /* rottenTomatoes */,
				400365CA1BD73EAC0049A7E2 /* rottenTomatoesTests */,
				400365D51BD73EAE0049A7E2 /* rottenTomatoesUITests */,
				400365B41BD73EA90049A7E2 /* Products */,
				37A52987FE68149D7AC0ED26 /* Pods */,
				3CF60A30E06FBB1490C5D485 /* Frameworks */,
			);
			sourceTree = "<group>";
		};
		400365B41BD73EA90049A7E2 /* Products */ = {
			isa = PBXGroup;
			children = (
				400365B31BD73EA90049A7E2 /* rottenTomatoes.app */,
				400365C71BD73EAC0049A7E2 /* rottenTomatoesTests.xctest */,
				400365D21BD73EAD0049A7E2 /* rottenTomatoesUITests.xctest */,
			);
			name = Products;
			sourceTree = "<group>";
		};
		400365B51BD73EAA0049A7E2 /* rottenTomatoes */ = {
			isa = PBXGroup;
			children = (
				4085E94F1BD8BCC900512134 /* View Controllers */,
				400365B61BD73EAA0049A7E2 /* AppDelegate.swift */,
				400365B81BD73EAA0049A7E2 /* ViewController.swift */,
				400365BA1BD73EAA0049A7E2 /* Main.storyboard */,
				400365E41BD73FAE0049A7E2 /* MovieCell.swift */,
				400365BD1BD73EAA0049A7E2 /* Assets.xcassets */,
				400365BF1BD73EAB0049A7E2 /* LaunchScreen.storyboard */,
				400365C21BD73EAB0049A7E2 /* Info.plist */,
				4085E9521BD8D04400512134 /* rottenTomatoes-Bridging-Header.h */,
			);
			path = rottenTomatoes;
			sourceTree = "<group>";
		};
		400365CA1BD73EAC0049A7E2 /* rottenTomatoesTests */ = {
			isa = PBXGroup;
			children = (
				400365CB1BD73EAC0049A7E2 /* rottenTomatoesTests.swift */,
				400365CD1BD73EAD0049A7E2 /* Info.plist */,
			);
			path = rottenTomatoesTests;
			sourceTree = "<group>";
		};
		400365D51BD73EAE0049A7E2 /* rottenTomatoesUITests */ = {
			isa = PBXGroup;
			children = (
				400365D61BD73EAE0049A7E2 /* rottenTomatoesUITests.swift */,
				400365D81BD73EAE0049A7E2 /* Info.plist */,
			);
			path = rottenTomatoesUITests;
			sourceTree = "<group>";
		};
		4085E94F1BD8BCC900512134 /* View Controllers */ = {
			isa = PBXGroup;
			children = (
				4085E9501BD8BCF400512134 /* MoviesViewController.swift */,
			);
			name = "View Controllers";
			sourceTree = "<group>";
		};
/* End PBXGroup section */

/* Begin PBXNativeTarget section */
		400365B21BD73EA90049A7E2 /* rottenTomatoes */ = {
			isa = PBXNativeTarget;
			buildConfigurationList = 400365DB1BD73EAE0049A7E2 /* Build configuration list for PBXNativeTarget "rottenTomatoes" */;
			buildPhases = (
				0C5CFB6F0D23797936AA7BFE /* Check Pods Manifest.lock */,
				400365AF1BD73EA90049A7E2 /* Sources */,
				400365B01BD73EA90049A7E2 /* Frameworks */,
				400365B11BD73EA90049A7E2 /* Resources */,
				1C3048811A699CAC75174359 /* Embed Pods Frameworks */,
				2774C8DF3FCEED67794B9AB9 /* Copy Pods Resources */,
			);
			buildRules = (
			);
			dependencies = (
			);
			name = rottenTomatoes;
			productName = rottenTomatoes;
			productReference = 400365B31BD73EA90049A7E2 /* rottenTomatoes.app */;
			productType = "com.apple.product-type.application";
		};
		400365C61BD73EAC0049A7E2 /* rottenTomatoesTests */ = {
			isa = PBXNativeTarget;
			buildConfigurationList = 400365DE1BD73EAE0049A7E2 /* Build configuration list for PBXNativeTarget "rottenTomatoesTests" */;
			buildPhases = (
				400365C31BD73EAC0049A7E2 /* Sources */,
				400365C41BD73EAC0049A7E2 /* Frameworks */,
				400365C51BD73EAC0049A7E2 /* Resources */,
			);
			buildRules = (
			);
			dependencies = (
				400365C91BD73EAC0049A7E2 /* PBXTargetDependency */,
			);
			name = rottenTomatoesTests;
			productName = rottenTomatoesTests;
			productReference = 400365C71BD73EAC0049A7E2 /* rottenTomatoesTests.xctest */;
			productType = "com.apple.product-type.bundle.unit-test";
		};
		400365D11BD73EAD0049A7E2 /* rottenTomatoesUITests */ = {
			isa = PBXNativeTarget;
			buildConfigurationList = 400365E11BD73EAE0049A7E2 /* Build configuration list for PBXNativeTarget "rottenTomatoesUITests" */;
			buildPhases = (
				400365CE1BD73EAD0049A7E2 /* Sources */,
				400365CF1BD73EAD0049A7E2 /* Frameworks */,
				400365D01BD73EAD0049A7E2 /* Resources */,
			);
			buildRules = (
			);
			dependencies = (
				400365D41BD73EAD0049A7E2 /* PBXTargetDependency */,
			);
			name = rottenTomatoesUITests;
			productName = rottenTomatoesUITests;
			productReference = 400365D21BD73EAD0049A7E2 /* rottenTomatoesUITests.xctest */;
			productType = "com.apple.product-type.bundle.ui-testing";
		};
/* End PBXNativeTarget section */

/* Begin PBXProject section */
		400365AB1BD73EA80049A7E2 /* Project object */ = {
			isa = PBXProject;
			attributes = {
				LastSwiftUpdateCheck = 0700;
				LastUpgradeCheck = 0700;
				ORGANIZATIONNAME = Jessie;
				TargetAttributes = {
					400365B21BD73EA90049A7E2 = {
						CreatedOnToolsVersion = 7.0.1;
						DevelopmentTeam = 2Y866D5AQX;
					};
					400365C61BD73EAC0049A7E2 = {
						CreatedOnToolsVersion = 7.0.1;
						DevelopmentTeam = 2Y866D5AQX;
						TestTargetID = 400365B21BD73EA90049A7E2;
					};
					400365D11BD73EAD0049A7E2 = {
						CreatedOnToolsVersion = 7.0.1;
						DevelopmentTeam = 2Y866D5AQX;
						TestTargetID = 400365B21BD73EA90049A7E2;
					};
				};
			};
			buildConfigurationList = 400365AE1BD73EA80049A7E2 /* Build configuration list for PBXProject "rottenTomatoes" */;
			compatibilityVersion = "Xcode 3.2";
			developmentRegion = English;
			hasScannedForEncodings = 0;
			knownRegions = (
				en,
				Base,
			);
			mainGroup = 400365AA1BD73EA80049A7E2;
			productRefGroup = 400365B41BD73EA90049A7E2 /* Products */;
			projectDirPath = "";
			projectRoot = "";
			targets = (
				400365B21BD73EA90049A7E2 /* rottenTomatoes */,
				400365C61BD73EAC0049A7E2 /* rottenTomatoesTests */,
				400365D11BD73EAD0049A7E2 /* rottenTomatoesUITests */,
			);
		};
/* End PBXProject section */

/* Begin PBXResourcesBuildPhase section */
		400365B11BD73EA90049A7E2 /* Resources */ = {
			isa = PBXResourcesBuildPhase;
			buildActionMask = 2147483647;
			files = (
				400365C11BD73EAB0049A7E2 /* LaunchScreen.storyboard in Resources */,
				400365BE1BD73EAA0049A7E2 /* Assets.xcassets in Resources */,
				400365BC1BD73EAA0049A7E2 /* Main.storyboard in Resources */,
			);
			runOnlyForDeploymentPostprocessing = 0;
		};
		400365C51BD73EAC0049A7E2 /* Resources */ = {
			isa = PBXResourcesBuildPhase;
			buildActionMask = 2147483647;
			files = (
			);
			runOnlyForDeploymentPostprocessing = 0;
		};
		400365D01BD73EAD0049A7E2 /* Resources */ = {
			isa = PBXResourcesBuildPhase;
			buildActionMask = 2147483647;
			files = (
			);
			runOnlyForDeploymentPostprocessing = 0;
		};
/* End PBXResourcesBuildPhase section */

/* Begin PBXShellScriptBuildPhase section */
		0C5CFB6F0D23797936AA7BFE /* Check Pods Manifest.lock */ = {
			isa = PBXShellScriptBuildPhase;
			buildActionMask = 2147483647;
			files = (
			);
			inputPaths = (
			);
			name = "Check Pods Manifest.lock";
			outputPaths = (
			);
			runOnlyForDeploymentPostprocessing = 0;
			shellPath = /bin/sh;
			shellScript = "diff \"${PODS_ROOT}/../Podfile.lock\" \"${PODS_ROOT}/Manifest.lock\" > /dev/null\nif [[ $? != 0 ]] ; then\n    cat << EOM\nerror: The sandbox is not in sync with the Podfile.lock. Run 'pod install' or update your CocoaPods installation.\nEOM\n    exit 1\nfi\n";
			showEnvVarsInLog = 0;
		};
		1C3048811A699CAC75174359 /* Embed Pods Frameworks */ = {
			isa = PBXShellScriptBuildPhase;
			buildActionMask = 2147483647;
			files = (
			);
			inputPaths = (
			);
			name = "Embed Pods Frameworks";
			outputPaths = (
			);
			runOnlyForDeploymentPostprocessing = 0;
			shellPath = /bin/sh;
			shellScript = "\"${SRCROOT}/Pods/Target Support Files/Pods-rottenTomatoes/Pods-rottenTomatoes-frameworks.sh\"\n";
			showEnvVarsInLog = 0;
		};
		2774C8DF3FCEED67794B9AB9 /* Copy Pods Resources */ = {
			isa = PBXShellScriptBuildPhase;
			buildActionMask = 2147483647;
			files = (
			);
			inputPaths = (
			);
			name = "Copy Pods Resources";
			outputPaths = (
			);
			runOnlyForDeploymentPostprocessing = 0;
			shellPath = /bin/sh;
			shellScript = "\"${SRCROOT}/Pods/Target Support Files/Pods-rottenTomatoes/Pods-rottenTomatoes-resources.sh\"\n";
			showEnvVarsInLog = 0;
		};
/* End PBXShellScriptBuildPhase section */

/* Begin PBXSourcesBuildPhase section */
		400365AF1BD73EA90049A7E2 /* Sources */ = {
			isa = PBXSourcesBuildPhase;
			buildActionMask = 2147483647;
			files = (
				400365B91BD73EAA0049A7E2 /* ViewController.swift in Sources */,
				400365B71BD73EAA0049A7E2 /* AppDelegate.swift in Sources */,
				400365E51BD73FAE0049A7E2 /* MovieCell.swift in Sources */,
				4085E9511BD8BCF400512134 /* MoviesViewController.swift in Sources */,
			);
			runOnlyForDeploymentPostprocessing = 0;
		};
		400365C31BD73EAC0049A7E2 /* Sources */ = {
			isa = PBXSourcesBuildPhase;
			buildActionMask = 2147483647;
			files = (
				400365CC1BD73EAC0049A7E2 /* rottenTomatoesTests.swift in Sources */,
			);
			runOnlyForDeploymentPostprocessing = 0;
		};
		400365CE1BD73EAD0049A7E2 /* Sources */ = {
			isa = PBXSourcesBuildPhase;
			buildActionMask = 2147483647;
			files = (
				400365D71BD73EAE0049A7E2 /* rottenTomatoesUITests.swift in Sources */,
			);
			runOnlyForDeploymentPostprocessing = 0;
		};
/* End PBXSourcesBuildPhase section */

/* Begin PBXTargetDependency section */
		400365C91BD73EAC0049A7E2 /* PBXTargetDependency */ = {
			isa = PBXTargetDependency;
			target = 400365B21BD73EA90049A7E2 /* rottenTomatoes */;
			targetProxy = 400365C81BD73EAC0049A7E2 /* PBXContainerItemProxy */;
		};
		400365D41BD73EAD0049A7E2 /* PBXTargetDependency */ = {
			isa = PBXTargetDependency;
			target = 400365B21BD73EA90049A7E2 /* rottenTomatoes */;
			targetProxy = 400365D31BD73EAD0049A7E2 /* PBXContainerItemProxy */;
		};
/* End PBXTargetDependency section */

/* Begin PBXVariantGroup section */
		400365BA1BD73EAA0049A7E2 /* Main.storyboard */ = {
			isa = PBXVariantGroup;
			children = (
				400365BB1BD73EAA0049A7E2 /* Base */,
			);
			name = Main.storyboard;
			sourceTree = "<group>";
		};
		400365BF1BD73EAB0049A7E2 /* LaunchScreen.storyboard */ = {
			isa = PBXVariantGroup;
			children = (
				400365C01BD73EAB0049A7E2 /* Base */,
			);
			name = LaunchScreen.storyboard;
			sourceTree = "<group>";
		};
/* End PBXVariantGroup section */

/* Begin XCBuildConfiguration section */
		400365D91BD73EAE0049A7E2 /* Debug */ = {
			isa = XCBuildConfiguration;
			buildSettings = {
				ALWAYS_SEARCH_USER_PATHS = NO;
				CLANG_CXX_LANGUAGE_STANDARD = "gnu++0x";
				CLANG_CXX_LIBRARY = "libc++";
				CLANG_ENABLE_MODULES = YES;
				CLANG_ENABLE_OBJC_ARC = YES;
				CLANG_WARN_BOOL_CONVERSION = YES;
				CLANG_WARN_CONSTANT_CONVERSION = YES;
				CLANG_WARN_DIRECT_OBJC_ISA_USAGE = YES_ERROR;
				CLANG_WARN_EMPTY_BODY = YES;
				CLANG_WARN_ENUM_CONVERSION = YES;
				CLANG_WARN_INT_CONVERSION = YES;
				CLANG_WARN_OBJC_ROOT_CLASS = YES_ERROR;
				CLANG_WARN_UNREACHABLE_CODE = YES;
				CLANG_WARN__DUPLICATE_METHOD_MATCH = YES;
				"CODE_SIGN_IDENTITY[sdk=iphoneos*]" = "iPhone Developer";
				COPY_PHASE_STRIP = NO;
				DEBUG_INFORMATION_FORMAT = dwarf;
				ENABLE_STRICT_OBJC_MSGSEND = YES;
				ENABLE_TESTABILITY = YES;
				GCC_C_LANGUAGE_STANDARD = gnu99;
				GCC_DYNAMIC_NO_PIC = NO;
				GCC_NO_COMMON_BLOCKS = YES;
				GCC_OPTIMIZATION_LEVEL = 0;
				GCC_PREPROCESSOR_DEFINITIONS = (
					"DEBUG=1",
					"$(inherited)",
				);
				GCC_WARN_64_TO_32_BIT_CONVERSION = YES;
				GCC_WARN_ABOUT_RETURN_TYPE = YES_ERROR;
				GCC_WARN_UNDECLARED_SELECTOR = YES;
				GCC_WARN_UNINITIALIZED_AUTOS = YES_AGGRESSIVE;
				GCC_WARN_UNUSED_FUNCTION = YES;
				GCC_WARN_UNUSED_VARIABLE = YES;
				IPHONEOS_DEPLOYMENT_TARGET = 9.0;
				MTL_ENABLE_DEBUG_INFO = YES;
				ONLY_ACTIVE_ARCH = YES;
				SDKROOT = iphoneos;
				SWIFT_OPTIMIZATION_LEVEL = "-Onone";
			};
			name = Debug;
		};
		400365DA1BD73EAE0049A7E2 /* Release */ = {
			isa = XCBuildConfiguration;
			buildSettings = {
				ALWAYS_SEARCH_USER_PATHS = NO;
				CLANG_CXX_LANGUAGE_STANDARD = "gnu++0x";
				CLANG_CXX_LIBRARY = "libc++";
				CLANG_ENABLE_MODULES = YES;
				CLANG_ENABLE_OBJC_ARC = YES;
				CLANG_WARN_BOOL_CONVERSION = YES;
				CLANG_WARN_CONSTANT_CONVERSION = YES;
				CLANG_WARN_DIRECT_OBJC_ISA_USAGE = YES_ERROR;
				CLANG_WARN_EMPTY_BODY = YES;
				CLANG_WARN_ENUM_CONVERSION = YES;
				CLANG_WARN_INT_CONVERSION = YES;
				CLANG_WARN_OBJC_ROOT_CLASS = YES_ERROR;
				CLANG_WARN_UNREACHABLE_CODE = YES;
				CLANG_WARN__DUPLICATE_METHOD_MATCH = YES;
				"CODE_SIGN_IDENTITY[sdk=iphoneos*]" = "iPhone Developer";
				COPY_PHASE_STRIP = NO;
				DEBUG_INFORMATION_FORMAT = "dwarf-with-dsym";
				ENABLE_NS_ASSERTIONS = NO;
				ENABLE_STRICT_OBJC_MSGSEND = YES;
				GCC_C_LANGUAGE_STANDARD = gnu99;
				GCC_NO_COMMON_BLOCKS = YES;
				GCC_WARN_64_TO_32_BIT_CONVERSION = YES;
				GCC_WARN_ABOUT_RETURN_TYPE = YES_ERROR;
				GCC_WARN_UNDECLARED_SELECTOR = YES;
				GCC_WARN_UNINITIALIZED_AUTOS = YES_AGGRESSIVE;
				GCC_WARN_UNUSED_FUNCTION = YES;
				GCC_WARN_UNUSED_VARIABLE = YES;
				IPHONEOS_DEPLOYMENT_TARGET = 9.0;
				MTL_ENABLE_DEBUG_INFO = NO;
				SDKROOT = iphoneos;
				VALIDATE_PRODUCT = YES;
			};
			name = Release;
		};
		400365DC1BD73EAE0049A7E2 /* Debug */ = {
			isa = XCBuildConfiguration;
			baseConfigurationReference = 2E552CD754D8A924616A17CE /* Pods-rottenTomatoes.debug.xcconfig */;
			buildSettings = {
				ASSETCATALOG_COMPILER_APPICON_NAME = AppIcon;
				CLANG_ENABLE_MODULES = YES;
				INFOPLIST_FILE = rottenTomatoes/Info.plist;
				LD_RUNPATH_SEARCH_PATHS = "$(inherited) @executable_path/Frameworks";
				PRODUCT_BUNDLE_IDENTIFIER = Flishworks.rottenTomatoes;
				PRODUCT_NAME = "$(TARGET_NAME)";
				SWIFT_OBJC_BRIDGING_HEADER = "rottenTomatoes/rottenTomatoes-Bridging-Header.h";
				SWIFT_OPTIMIZATION_LEVEL = "-Onone";
			};
			name = Debug;
		};
		400365DD1BD73EAE0049A7E2 /* Release */ = {
			isa = XCBuildConfiguration;
			baseConfigurationReference = F64DDFEFA08F4B6ED132858E /* Pods-rottenTomatoes.release.xcconfig */;
			buildSettings = {
				ASSETCATALOG_COMPILER_APPICON_NAME = AppIcon;
				CLANG_ENABLE_MODULES = YES;
				INFOPLIST_FILE = rottenTomatoes/Info.plist;
				LD_RUNPATH_SEARCH_PATHS = "$(inherited) @executable_path/Frameworks";
				PRODUCT_BUNDLE_IDENTIFIER = Flishworks.rottenTomatoes;
				PRODUCT_NAME = "$(TARGET_NAME)";
				SWIFT_OBJC_BRIDGING_HEADER = "rottenTomatoes/rottenTomatoes-Bridging-Header.h";
			};
			name = Release;
		};
		400365DF1BD73EAE0049A7E2 /* Debug */ = {
			isa = XCBuildConfiguration;
			buildSettings = {
				BUNDLE_LOADER = "$(TEST_HOST)";
				INFOPLIST_FILE = rottenTomatoesTests/Info.plist;
				LD_RUNPATH_SEARCH_PATHS = "$(inherited) @executable_path/Frameworks @loader_path/Frameworks";
				PRODUCT_BUNDLE_IDENTIFIER = Flishworks.rottenTomatoesTests;
				PRODUCT_NAME = "$(TARGET_NAME)";
				TEST_HOST = "$(BUILT_PRODUCTS_DIR)/rottenTomatoes.app/rottenTomatoes";
			};
			name = Debug;
		};
		400365E01BD73EAE0049A7E2 /* Release */ = {
			isa = XCBuildConfiguration;
			buildSettings = {
				BUNDLE_LOADER = "$(TEST_HOST)";
				INFOPLIST_FILE = rottenTomatoesTests/Info.plist;
				LD_RUNPATH_SEARCH_PATHS = "$(inherited) @executable_path/Frameworks @loader_path/Frameworks";
				PRODUCT_BUNDLE_IDENTIFIER = Flishworks.rottenTomatoesTests;
				PRODUCT_NAME = "$(TARGET_NAME)";
				TEST_HOST = "$(BUILT_PRODUCTS_DIR)/rottenTomatoes.app/rottenTomatoes";
			};
			name = Release;
		};
		400365E21BD73EAE0049A7E2 /* Debug */ = {
			isa = XCBuildConfiguration;
			buildSettings = {
				INFOPLIST_FILE = rottenTomatoesUITests/Info.plist;
				LD_RUNPATH_SEARCH_PATHS = "$(inherited) @executable_path/Frameworks @loader_path/Frameworks";
				PRODUCT_BUNDLE_IDENTIFIER = Flishworks.rottenTomatoesUITests;
				PRODUCT_NAME = "$(TARGET_NAME)";
				TEST_TARGET_NAME = rottenTomatoes;
				USES_XCTRUNNER = YES;
			};
			name = Debug;
		};
		400365E31BD73EAE0049A7E2 /* Release */ = {
			isa = XCBuildConfiguration;
			buildSettings = {
				INFOPLIST_FILE = rottenTomatoesUITests/Info.plist;
				LD_RUNPATH_SEARCH_PATHS = "$(inherited) @executable_path/Frameworks @loader_path/Frameworks";
				PRODUCT_BUNDLE_IDENTIFIER = Flishworks.rottenTomatoesUITests;
				PRODUCT_NAME = "$(TARGET_NAME)";
				TEST_TARGET_NAME = rottenTomatoes;
				USES_XCTRUNNER = YES;
			};
			name = Release;
		};
/* End XCBuildConfiguration section */

/* Begin XCConfigurationList section */
		400365AE1BD73EA80049A7E2 /* Build configuration list for PBXProject "rottenTomatoes" */ = {
			isa = XCConfigurationList;
			buildConfigurations = (
				400365D91BD73EAE0049A7E2 /* Debug */,
				400365DA1BD73EAE0049A7E2 /* Release */,
			);
			defaultConfigurationIsVisible = 0;
			defaultConfigurationName = Release;
		};
		400365DB1BD73EAE0049A7E2 /* Build configuration list for PBXNativeTarget "rottenTomatoes" */ = {
			isa = XCConfigurationList;
			buildConfigurations = (
				400365DC1BD73EAE0049A7E2 /* Debug */,
				400365DD1BD73EAE0049A7E2 /* Release */,
			);
			defaultConfigurationIsVisible = 0;
			defaultConfigurationName = Release;
		};
		400365DE1BD73EAE0049A7E2 /* Build configuration list for PBXNativeTarget "rottenTomatoesTests" */ = {
			isa = XCConfigurationList;
			buildConfigurations = (
				400365DF1BD73EAE0049A7E2 /* Debug */,
				400365E01BD73EAE0049A7E2 /* Release */,
			);
			defaultConfigurationIsVisible = 0;
			defaultConfigurationName = Release;
		};
		400365E11BD73EAE0049A7E2 /* Build configuration list for PBXNativeTarget "rottenTomatoesUITests" */ = {
			isa = XCConfigurationList;
			buildConfigurations = (
				400365E21BD73EAE0049A7E2 /* Debug */,
				400365E31BD73EAE0049A7E2 /* Release */,
			);
			defaultConfigurationIsVisible = 0;
			defaultConfigurationName = Release;
		};
/* End XCConfigurationList section */
	};
	rootObject = 400365AB1BD73EA80049A7E2 /* Project object */;
}
